{
  "name": "miniprogram",
  "version": "1.0.0",
  "lockfileVersion": 3,
  "requires": true,
  "packages": {
    "": {
      "name": "miniprogram",
      "version": "1.0.0",
      "license": "ISC",
      "dependencies": {
        "@vant/weapp": "^1.11.3"
      }
    },
    "node_modules/@vant/weapp": {
      "version": "1.11.3",
      "resolved": "https://registry.npmjs.org/@vant/weapp/-/weapp-1.11.3.tgz",
      "integrity": "sha512-qaqZV2SuCZ7nZ1nwndDfkTPFgYEp7O5i3uxzVM1CV4/MQ+mc2TikgTcXXfn4oGr3BsaoyuoAsINeRP9/bP8q9w=="
    }
  }
}
